[[package]]
name = "autoreadme"
version = "0.2102.20"
description = "Haskell-like intervals for Python"
category = "dev"
optional = false
python-versions = "*"

[[package]]
name = "colored"
version = "1.4.2"
description = "Simple library for color and formatting to terminal"
category = "main"
optional = false
python-versions = "*"

[[package]]
name = "hosh"
version = "0.2103.2"
description = ""
category = "main"
optional = false
python-versions = "*"

[package.dependencies]
colored = "1.4.2"
toml = "0.10.0"

[[package]]
name = "orjson"
version = "3.5.1"
description = "Fast, correct Python JSON library supporting dataclasses, datetimes, and numpy"
category = "main"
optional = false
python-versions = ">=3.6"

[[package]]
name = "toml"
version = "0.10.0"
description = "Python Library for Tom's Obvious, Minimal Language"
category = "main"
optional = false
python-versions = "*"

[metadata]
lock-version = "1.1"
python-versions = "^3.8"
content-hash = "32a5dab3dd4a8296a9e35158401af0a99ece831fc7ab29d593a161e99078c2c5"

[metadata.files]
autoreadme = [
    {file = "autoreadme-0.2102.20-py3-none-any.whl", hash = "sha256:e43eb3ca24f1968cb4ee8e0c656ff5578ae34b4952ea45a1e7af099f8f936f0b"},
    {file = "autoreadme-0.2102.20.tar.gz", hash = "sha256:149dadc00dbc263179afb4433f3875709e9bb4079fa00543c2f313a2013b75ab"},
]
colored = [
    {file = "colored-1.4.2.tar.gz", hash = "sha256:056fac09d9e39b34296e7618897ed1b8c274f98423770c2980d829fd670955ed"},
]
hosh = [
    {file = "hosh-0.2103.2-cp36-cp36m-manylinux1_x86_64.whl", hash = "sha256:74d0c135f559f4dbcbada5d7a72a7b7887ad79d8617726631cc7eb373997e53b"},
    {file = "hosh-0.2103.2-cp36-cp36m-manylinux2010_x86_64.whl", hash = "sha256:48d3b944def5ac0f880ca2975e54beef3d61550188705619c350552cbe546dcc"},
    {file = "hosh-0.2103.2-cp37-cp37m-manylinux1_x86_64.whl", hash = "sha256:7db0fb0fb1ed3023c4a43110669763e4b41f7cf7f744a640dddfc7e1b288465d"},
    {file = "hosh-0.2103.2-cp37-cp37m-manylinux2010_x86_64.whl", hash = "sha256:8cbbba2f3855bcea5487a66a8621828a878117402c892159d6b3356e4b5b2ee1"},
    {file = "hosh-0.2103.2-cp38-cp38-manylinux1_x86_64.whl", hash = "sha256:11d2f40bbc4a59153ebdb542f5c90e4335d799822e61fd5d59de0681730e0921"},
    {file = "hosh-0.2103.2-cp38-cp38-manylinux2010_x86_64.whl", hash = "sha256:12e9b7d58389b1aa349f0c8f5d49a9ce17d827319d2ecebe0a76747ec1e5907a"},
    {file = "hosh-0.2103.2-cp39-cp39-manylinux1_x86_64.whl", hash = "sha256:1b19e832a9688dce8793883e446f3ea1db5723bc9aba7ddfd96546d66ab373f9"},
    {file = "hosh-0.2103.2-cp39-cp39-manylinux2010_x86_64.whl", hash = "sha256:a8ec05f2f3b3076967bee6a6a33a140cee322fd9c6dcfe16c0459dfa10477b0e"},
    {file = "hosh-0.2103.2.tar.gz", hash = "sha256:e173538d88291d12b072e9aa4b8c6a6aa56a22138d2b2fdaf0bce672e60f6b28"},
]
orjson = [
    {file = "orjson-3.5.1-cp310-cp310-manylinux2014_aarch64.whl", hash = "sha256:5b957e2e76e3ec69d1d80e11357106c08a8ed0621ddecb43fa93d0c9de918039"},
    {file = "orjson-3.5.1-cp310-cp310-manylinux2014_x86_64.whl", hash = "sha256:4d1fd69f464af720c50e165df7aa1bd92de2ad6fbe8627530964f41364c67c4c"},
    {file = "orjson-3.5.1-cp36-cp36m-macosx_10_7_x86_64.whl", hash = "sha256:98eab6062782589acb08286cac5e3c0cf48f124aad62baf7092fd4a3865c19c8"},
    {file = "orjson-3.5.1-cp36-cp36m-macosx_10_9_universal2.whl", hash = "sha256:471ea002ea42717b5f60b607bc08da5be6f21d601feef49fdf45c8763352f771"},
    {file = "orjson-3.5.1-cp36-cp36m-manylinux2014_aarch64.whl", hash = "sha256:8f26cb5fc8f381767c79b1ff216fe0d5dd3b25222fcc03a9da09837bc570ebf7"},
    {file = "orjson-3.5.1-cp36-cp36m-manylinux2014_x86_64.whl", hash = "sha256:48622b3e6f3b619bd13a1a2d4ae217a75d2cf55461f895c70b71514b18a9021f"},
    {file = "orjson-3.5.1-cp36-none-win_amd64.whl", hash = "sha256:458046c376299f79f074e14d408addb71a05a1b51a80257aa06d03693cf503e0"},
    {file = "orjson-3.5.1-cp37-cp37m-macosx_10_7_x86_64.whl", hash = "sha256:3c9a03494cfef411f3c572ede2b83eda00ebe0860edb06385dabc18d4a4dd0d7"},
    {file = "orjson-3.5.1-cp37-cp37m-macosx_10_9_universal2.whl", hash = "sha256:c9270e8fa3976bf2f0c93716f38138ced8fd9c791400ccc62fe662f2759c7c74"},
    {file = "orjson-3.5.1-cp37-cp37m-manylinux2014_aarch64.whl", hash = "sha256:bc7b3a0eff0c5f4fda48db9595dda55de502c6c804b78ac840bdf0aa17f80717"},
    {file = "orjson-3.5.1-cp37-cp37m-manylinux2014_x86_64.whl", hash = "sha256:5093a04c9e9b0489fc30b110b4aab2ed604409991c6b64e4707e25d954749e31"},
    {file = "orjson-3.5.1-cp37-none-win_amd64.whl", hash = "sha256:45c0fb870d5b9c8d80e1ba3d28c61af5645c3f367cf03104e098dc702b6f5c48"},
    {file = "orjson-3.5.1-cp38-cp38-macosx_10_7_x86_64.whl", hash = "sha256:0e5bf106d4f45473ae65b7b40ec10bdd887f284b1548aa837ab7ce8e3c8b6684"},
    {file = "orjson-3.5.1-cp38-cp38-macosx_10_9_universal2.whl", hash = "sha256:12e9f02e782db06b13b636227eb007f2a844f445ae5c643d7715df547aa08c17"},
    {file = "orjson-3.5.1-cp38-cp38-manylinux2014_aarch64.whl", hash = "sha256:6f718de6f088c1d06035c72c25431e558fbb66f7fcf13bee680181a670858d25"},
    {file = "orjson-3.5.1-cp38-cp38-manylinux2014_x86_64.whl", hash = "sha256:19fe12ad37ab0598e39d254249c704a065f32b31659679d07eeb32e5f5edc500"},
    {file = "orjson-3.5.1-cp38-none-win_amd64.whl", hash = "sha256:06ff7ab5b639fc6dcb2ace5f6678dc24dda8e92d7ded5d29c29b655776f5c518"},
    {file = "orjson-3.5.1-cp39-cp39-macosx_10_7_x86_64.whl", hash = "sha256:706b83d288cb8477d6ae88fe22feab2db4f3527031ee39ca4170ddaf87ed0200"},
    {file = "orjson-3.5.1-cp39-cp39-macosx_10_9_universal2.whl", hash = "sha256:58ac211588da62cb525d7e7c4b16c50a9c6624cc77e51ee60735dc935a3cd1da"},
    {file = "orjson-3.5.1-cp39-cp39-manylinux2014_aarch64.whl", hash = "sha256:430a615d20908f223a24f8ee3e057111659434b5f102580d8574d220b5d7cd17"},
    {file = "orjson-3.5.1-cp39-cp39-manylinux2014_x86_64.whl", hash = "sha256:8b0129cbedccecac931c72802fed48172eb8b0eb94089844af17c6cdfc85c997"},
    {file = "orjson-3.5.1-cp39-none-win_amd64.whl", hash = "sha256:dacb683e24187b45df7ccd7fb3ff43368f376e5b065a566f33e61765bb8a1cdd"},
    {file = "orjson-3.5.1.tar.gz", hash = "sha256:7d3c4179d7af8a39fa1e3b4125155e866e09b24e477c7663ef951dcb6d8ee97d"},
]
toml = [
    {file = "toml-0.10.0-py2.7.egg", hash = "sha256:f1db651f9657708513243e61e6cc67d101a39bad662eaa9b5546f789338e07a3"},
    {file = "toml-0.10.0-py2.py3-none-any.whl", hash = "sha256:235682dd292d5899d361a811df37e04a8828a5b1da3115886b73cf81ebc9100e"},
    {file = "toml-0.10.0.tar.gz", hash = "sha256:229f81c57791a41d65e399fc06bf0848bab550a9dfd5ed66df18ce5f05e73d5c"},
]
